
Microsoft Visual Studio Solution File, Format Version 12.00
# Visual Studio Version 16
VisualStudioVersion = 16.0.30320.27
MinimumVisualStudioVersion = 10.0.40219.1
Project("{9A19103F-16F7-4668-BE54-9A1E7A4F7556}") = "Api", "Api\Api.csproj", "{20A622A5-0403-4D5D-8184-CF0B840AE7CD}"
EndProject
Project("{9A19103F-16F7-4668-BE54-9A1E7A4F7556}") = "Core", "Core\Core.csproj", "{345E0632-9B22-419A-A972-9AB3ADBA0A6C}"
EndProject
Project("{9A19103F-16F7-4668-BE54-9A1E7A4F7556}") = "Infrastructure", "Infrastructure\Infrastructure.csproj", "{534962B6-5672-4945-BA60-4D162029D2F1}"
EndProject
Global
	GlobalSection(SolutionConfigurationPlatforms) = preSolution
		Debug|Any CPU = Debug|Any CPU
		Release|Any CPU = Release|Any CPU
	EndGlobalSection
	GlobalSection(ProjectConfigurationPlatforms) = postSolution
		{20A622A5-0403-4D5D-8184-CF0B840AE7CD}.Debug|Any CPU.ActiveCfg = Debug|Any CPU
		{20A622A5-0403-4D5D-8184-CF0B840AE7CD}.Debug|Any CPU.Build.0 = Debug|Any CPU
		{20A622A5-0403-4D5D-8184-CF0B840AE7CD}.Release|Any CPU.ActiveCfg = Release|Any CPU
		{20A622A5-0403-4D5D-8184-CF0B840AE7CD}.Release|Any CPU.Build.0 = Release|Any CPU
		{345E0632-9B22-419A-A972-9AB3ADBA0A6C}.Debug|Any CPU.ActiveCfg = Debug|Any CPU
		{345E0632-9B22-419A-A972-9AB3ADBA0A6C}.Debug|Any CPU.Build.0 = Debug|Any CPU
		{345E0632-9B22-419A-A972-9AB3ADBA0A6C}.Release|Any CPU.ActiveCfg = Release|Any CPU
		{345E0632-9B22-419A-A972-9AB3ADBA0A6C}.Release|Any CPU.Build.0 = Release|Any CPU
		{534962B6-5672-4945-BA60-4D162029D2F1}.Debug|Any CPU.ActiveCfg = Debug|Any CPU
		{534962B6-5672-4945-BA60-4D162029D2F1}.Debug|Any CPU.Build.0 = Debug|Any CPU
		{534962B6-5672-4945-BA60-4D162029D2F1}.Release|Any CPU.ActiveCfg = Release|Any CPU
		{534962B6-5672-4945-BA60-4D162029D2F1}.Release|Any CPU.Build.0 = Release|Any CPU
	EndGlobalSection
	GlobalSection(SolutionProperties) = preSolution
		HideSolutionNode = FALSE
	EndGlobalSection
	GlobalSection(ExtensibilityGlobals) = postSolution
		SolutionGuid = {3CD04019-1D59-4EB2-8D3C-8A0D59624074}
	EndGlobalSection
EndGlobal
